
Microsoft Visual Studio Solution File, Format Version 11.00
# Visual Studio 2010
Project("{FAE04EC0-301F-11D3-BF4B-00C04F79EFBC}") = "Assembly-CSharp", "Assembly-CSharp.csproj", "{d3a7da8b-9d89-5f1b-a8df-b9092b12b81b}"
EndProject
Global
	GlobalSection(SolutionConfigurationPlatforms) = preSolution
		Debug|Any CPU = Debug|Any CPU
		Release|Any CPU = Release|Any CPU
	EndGlobalSection
	GlobalSection(ProjectConfigurationPlatforms) = postSolution
		{d3a7da8b-9d89-5f1b-a8df-b9092b12b81b}.Debug|Any CPU.ActiveCfg = Debug|Any CPU
		{d3a7da8b-9d89-5f1b-a8df-b9092b12b81b}.Debug|Any CPU.Build.0 = Debug|Any CPU
		{d3a7da8b-9d89-5f1b-a8df-b9092b12b81b}.Release|Any CPU.ActiveCfg = Release|Any CPU
		{d3a7da8b-9d89-5f1b-a8df-b9092b12b81b}.Release|Any CPU.Build.0 = Release|Any CPU
	EndGlobalSection
	GlobalSection(SolutionProperties) = preSolution
		HideSolutionNode = FALSE
	EndGlobalSection
EndGlobal
